
Microsoft Visual Studio Solution File, Format Version 12.00
# Visual Studio 15
VisualStudioVersion = 15.0.27428.2037
MinimumVisualStudioVersion = 10.0.40219.1
Project("{FAE04EC0-301F-11D3-BF4B-00C04F79EFBC}") = "Kata_Emilio_Trev", "Kata_Emilio_Trev\Kata_Emilio_Trev.csproj", "{2F253FE3-4D6C-4E02-9341-8760561DD859}"
EndProject
Project("{FAE04EC0-301F-11D3-BF4B-00C04F79EFBC}") = "UnitTest_Project", "UnitTest_Project\UnitTest_Project.csproj", "{F84612D4-AD09-41F8-8586-A703C1B83807}"
EndProject
Global
	GlobalSection(SolutionConfigurationPlatforms) = preSolution
		Debug|Any CPU = Debug|Any CPU
		Release|Any CPU = Release|Any CPU
	EndGlobalSection
	GlobalSection(ProjectConfigurationPlatforms) = postSolution
		{2F253FE3-4D6C-4E02-9341-8760561DD859}.Debug|Any CPU.ActiveCfg = Debug|Any CPU
		{2F253FE3-4D6C-4E02-9341-8760561DD859}.Debug|Any CPU.Build.0 = Debug|Any CPU
		{2F253FE3-4D6C-4E02-9341-8760561DD859}.Release|Any CPU.ActiveCfg = Release|Any CPU
		{2F253FE3-4D6C-4E02-9341-8760561DD859}.Release|Any CPU.Build.0 = Release|Any CPU
		{F84612D4-AD09-41F8-8586-A703C1B83807}.Debug|Any CPU.ActiveCfg = Debug|Any CPU
		{F84612D4-AD09-41F8-8586-A703C1B83807}.Debug|Any CPU.Build.0 = Debug|Any CPU
		{F84612D4-AD09-41F8-8586-A703C1B83807}.Release|Any CPU.ActiveCfg = Release|Any CPU
		{F84612D4-AD09-41F8-8586-A703C1B83807}.Release|Any CPU.Build.0 = Release|Any CPU
	EndGlobalSection
	GlobalSection(SolutionProperties) = preSolution
		HideSolutionNode = FALSE
	EndGlobalSection
	GlobalSection(ExtensibilityGlobals) = postSolution
		SolutionGuid = {86C289D0-E25C-49B3-BF1B-542B23D375F1}
	EndGlobalSection
EndGlobal
